
Microsoft Visual Studio Solution File, Format Version 12.00
# Visual Studio Version 16
VisualStudioVersion = 16.0.31112.23
MinimumVisualStudioVersion = 10.0.40219.1
Project("{FAE04EC0-301F-11D3-BF4B-00C04F79EFBC}") = "VosrahSlova", "ConsoleApp9\VosrahSlova.csproj", "{5B63A8EE-CBC4-4454-85C5-3D49D22744B5}"
EndProject
Global
	GlobalSection(SolutionConfigurationPlatforms) = preSolution
		Debug|Any CPU = Debug|Any CPU
		Release|Any CPU = Release|Any CPU
	EndGlobalSection
	GlobalSection(ProjectConfigurationPlatforms) = postSolution
		{5B63A8EE-CBC4-4454-85C5-3D49D22744B5}.Debug|Any CPU.ActiveCfg = Debug|Any CPU
		{5B63A8EE-CBC4-4454-85C5-3D49D22744B5}.Debug|Any CPU.Build.0 = Debug|Any CPU
		{5B63A8EE-CBC4-4454-85C5-3D49D22744B5}.Release|Any CPU.ActiveCfg = Release|Any CPU
		{5B63A8EE-CBC4-4454-85C5-3D49D22744B5}.Release|Any CPU.Build.0 = Release|Any CPU
	EndGlobalSection
	GlobalSection(SolutionProperties) = preSolution
		HideSolutionNode = FALSE
	EndGlobalSection
	GlobalSection(ExtensibilityGlobals) = postSolution
		SolutionGuid = {DC5D5679-4447-402F-AB12-0C6B1DDA9365}
	EndGlobalSection
EndGlobal
